
Microsoft Visual Studio Solution File, Format Version 12.00
# Visual Studio 2012
Project("{FAE04EC0-301F-11D3-BF4B-00C04F79EFBC}") = "FizzBuzz", "ConsoleApplication2\FizzBuzz.csproj", "{6E4274FC-8717-4940-89F5-74FDEC37DEF9}"
EndProject
Global
	GlobalSection(SolutionConfigurationPlatforms) = preSolution
		Debug|Any CPU = Debug|Any CPU
		Release|Any CPU = Release|Any CPU
	EndGlobalSection
	GlobalSection(ProjectConfigurationPlatforms) = postSolution
		{6E4274FC-8717-4940-89F5-74FDEC37DEF9}.Debug|Any CPU.ActiveCfg = Debug|Any CPU
		{6E4274FC-8717-4940-89F5-74FDEC37DEF9}.Debug|Any CPU.Build.0 = Debug|Any CPU
		{6E4274FC-8717-4940-89F5-74FDEC37DEF9}.Release|Any CPU.ActiveCfg = Release|Any CPU
		{6E4274FC-8717-4940-89F5-74FDEC37DEF9}.Release|Any CPU.Build.0 = Release|Any CPU
	EndGlobalSection
	GlobalSection(SolutionProperties) = preSolution
		HideSolutionNode = FALSE
	EndGlobalSection
EndGlobal
